
Microsoft Visual Studio Solution File, Format Version 12.00
# Visual Studio Version 17
VisualStudioVersion = 17.3.32819.101
MinimumVisualStudioVersion = 10.0.40219.1
Project("{FAE04EC0-301F-11D3-BF4B-00C04F79EFBC}") = "HttpNodes", "HttpNodes\HttpNodes.csproj", "{EE93796D-0B3D-4205-889D-BB4DC68A3F56}"
EndProject
Global
	GlobalSection(SolutionConfigurationPlatforms) = preSolution
		Debug|Any CPU = Debug|Any CPU
		Release|Any CPU = Release|Any CPU
	EndGlobalSection
	GlobalSection(ProjectConfigurationPlatforms) = postSolution
		{EE93796D-0B3D-4205-889D-BB4DC68A3F56}.Debug|Any CPU.ActiveCfg = Debug|Any CPU
		{EE93796D-0B3D-4205-889D-BB4DC68A3F56}.Debug|Any CPU.Build.0 = Debug|Any CPU
		{EE93796D-0B3D-4205-889D-BB4DC68A3F56}.Release|Any CPU.ActiveCfg = Release|Any CPU
		{EE93796D-0B3D-4205-889D-BB4DC68A3F56}.Release|Any CPU.Build.0 = Release|Any CPU
	EndGlobalSection
	GlobalSection(SolutionProperties) = preSolution
		HideSolutionNode = FALSE
	EndGlobalSection
	GlobalSection(ExtensibilityGlobals) = postSolution
		SolutionGuid = {2A1E3D1F-E6CD-43A3-8ECC-B2E3534E0916}
	EndGlobalSection
EndGlobal
